
Microsoft Visual Studio Solution File, Format Version 12.00
# Visual Studio Version 16
VisualStudioVersion = 16.0.30717.126
MinimumVisualStudioVersion = 10.0.40219.1
Project("{9A19103F-16F7-4668-BE54-9A1E7A4F7556}") = "OidcSamples.TrafficPoliceApi", "OidcSamples.TrafficPoliceApi\OidcSamples.TrafficPoliceApi.csproj", "{F3B43AE8-C70F-4CC1-B8C0-CBFBA4D6E4C6}"
EndProject
Project("{FAE04EC0-301F-11D3-BF4B-00C04F79EFBC}") = "OidcSamples.TaxApp", "OidcSamples.TaxApp\OidcSamples.TaxApp.csproj", "{3616F08D-4303-4F2D-8BCE-4023901DD865}"
EndProject
Global
	GlobalSection(SolutionConfigurationPlatforms) = preSolution
		Debug|Any CPU = Debug|Any CPU
		Release|Any CPU = Release|Any CPU
	EndGlobalSection
	GlobalSection(ProjectConfigurationPlatforms) = postSolution
		{F3B43AE8-C70F-4CC1-B8C0-CBFBA4D6E4C6}.Debug|Any CPU.ActiveCfg = Debug|Any CPU
		{F3B43AE8-C70F-4CC1-B8C0-CBFBA4D6E4C6}.Debug|Any CPU.Build.0 = Debug|Any CPU
		{F3B43AE8-C70F-4CC1-B8C0-CBFBA4D6E4C6}.Release|Any CPU.ActiveCfg = Release|Any CPU
		{F3B43AE8-C70F-4CC1-B8C0-CBFBA4D6E4C6}.Release|Any CPU.Build.0 = Release|Any CPU
		{3616F08D-4303-4F2D-8BCE-4023901DD865}.Debug|Any CPU.ActiveCfg = Debug|Any CPU
		{3616F08D-4303-4F2D-8BCE-4023901DD865}.Debug|Any CPU.Build.0 = Debug|Any CPU
		{3616F08D-4303-4F2D-8BCE-4023901DD865}.Release|Any CPU.ActiveCfg = Release|Any CPU
		{3616F08D-4303-4F2D-8BCE-4023901DD865}.Release|Any CPU.Build.0 = Release|Any CPU
	EndGlobalSection
	GlobalSection(SolutionProperties) = preSolution
		HideSolutionNode = FALSE
	EndGlobalSection
	GlobalSection(ExtensibilityGlobals) = postSolution
		SolutionGuid = {B628E698-0B30-4D54-AB84-B7721D9E26CE}
	EndGlobalSection
EndGlobal
